
Microsoft Visual Studio Solution File, Format Version 12.00
# Visual Studio 15
VisualStudioVersion = 15.0.27130.2026
MinimumVisualStudioVersion = 10.0.40219.1
Project("{FAE04EC0-301F-11D3-BF4B-00C04F79EFBC}") = "CustomerManagementSystem", "CustomerManagementSystem\CustomerManagementSystem.csproj", "{C23FE7A6-7104-4AC1-8270-A2F3F4095B5A}"
EndProject
Project("{FAE04EC0-301F-11D3-BF4B-00C04F79EFBC}") = "CustomerManagementSystem.Tests", "CustomerManagementSystem.Tests\CustomerManagementSystem.Tests.csproj", "{1227363E-5D5D-4E10-A562-F0B9C6B8D108}"
EndProject
Project("{FAE04EC0-301F-11D3-BF4B-00C04F79EFBC}") = "CustomerManagementSystem.DAL", "CustomerManagementSystem.DAL\CustomerManagementSystem.DAL.csproj", "{DEA09C26-C430-47EE-A038-ECA06E3B5595}"
EndProject
Global
	GlobalSection(SolutionConfigurationPlatforms) = preSolution
		Debug|Any CPU = Debug|Any CPU
		Release|Any CPU = Release|Any CPU
	EndGlobalSection
	GlobalSection(ProjectConfigurationPlatforms) = postSolution
		{C23FE7A6-7104-4AC1-8270-A2F3F4095B5A}.Debug|Any CPU.ActiveCfg = Debug|Any CPU
		{C23FE7A6-7104-4AC1-8270-A2F3F4095B5A}.Debug|Any CPU.Build.0 = Debug|Any CPU
		{C23FE7A6-7104-4AC1-8270-A2F3F4095B5A}.Release|Any CPU.ActiveCfg = Release|Any CPU
		{C23FE7A6-7104-4AC1-8270-A2F3F4095B5A}.Release|Any CPU.Build.0 = Release|Any CPU
		{1227363E-5D5D-4E10-A562-F0B9C6B8D108}.Debug|Any CPU.ActiveCfg = Debug|Any CPU
		{1227363E-5D5D-4E10-A562-F0B9C6B8D108}.Debug|Any CPU.Build.0 = Debug|Any CPU
		{1227363E-5D5D-4E10-A562-F0B9C6B8D108}.Release|Any CPU.ActiveCfg = Release|Any CPU
		{1227363E-5D5D-4E10-A562-F0B9C6B8D108}.Release|Any CPU.Build.0 = Release|Any CPU
		{DEA09C26-C430-47EE-A038-ECA06E3B5595}.Debug|Any CPU.ActiveCfg = Debug|Any CPU
		{DEA09C26-C430-47EE-A038-ECA06E3B5595}.Debug|Any CPU.Build.0 = Debug|Any CPU
		{DEA09C26-C430-47EE-A038-ECA06E3B5595}.Release|Any CPU.ActiveCfg = Release|Any CPU
		{DEA09C26-C430-47EE-A038-ECA06E3B5595}.Release|Any CPU.Build.0 = Release|Any CPU
	EndGlobalSection
	GlobalSection(SolutionProperties) = preSolution
		HideSolutionNode = FALSE
	EndGlobalSection
	GlobalSection(ExtensibilityGlobals) = postSolution
		SolutionGuid = {96E01C11-2C02-4192-B3C8-CBC95931AEA3}
	EndGlobalSection
EndGlobal
